
Microsoft Visual Studio Solution File, Format Version 12.00
# Visual Studio 14
VisualStudioVersion = 14.0.25420.1
MinimumVisualStudioVersion = 10.0.40219.1
Project("{FAE04EC0-301F-11D3-BF4B-00C04F79EFBC}") = "UnitTest", "UnitTest\UnitTest.csproj", "{ACE28FD2-7C96-4570-BCE9-3DA580C7874D}"
EndProject
Project("{2150E333-8FDC-42A3-9474-1A3956D46DE8}") = "Web", "Web", "{49B4F088-445E-459E-BE62-8272F0CCC448}"
EndProject
Project("{2150E333-8FDC-42A3-9474-1A3956D46DE8}") = "Demo", "Demo", "{6594BD20-36FF-4BB2-9B8E-C1E62F27AC1F}"
EndProject
Project("{2150E333-8FDC-42A3-9474-1A3956D46DE8}") = "Gis", "Gis", "{C07E22D3-316E-4F49-9AA4-A3BE7C90CD8E}"
EndProject
Project("{FAE04EC0-301F-11D3-BF4B-00C04F79EFBC}") = "X.Web", "Web\X.Web\X.Web.csproj", "{6E4653A5-1350-4FB0-A52E-4FDE25AE8EC9}"
EndProject
Project("{2150E333-8FDC-42A3-9474-1A3956D46DE8}") = "City", "City", "{CC45CBE3-1179-4543-A3E8-D28681E9B5E5}"
EndProject
Project("{2150E333-8FDC-42A3-9474-1A3956D46DE8}") = "Svr", "Svr", "{11484C43-628E-47A3-813B-66969BEE4E71}"
EndProject
Project("{FAE04EC0-301F-11D3-BF4B-00C04F79EFBC}") = "X.App", "Web\Svr\X.App\X.App.csproj", "{88C77AC9-9DFC-425B-B592-4720038370FE}"
EndProject
Project("{FAE04EC0-301F-11D3-BF4B-00C04F79EFBC}") = "X.Ui", "Web\Svr\X.Ui\X.Ui.csproj", "{2E4ABFF8-C945-4C07-A304-E1E3146618CB}"
EndProject
Project("{FAE04EC0-301F-11D3-BF4B-00C04F79EFBC}") = "X.Desk", "Gis\X.Desk\X.Desk.csproj", "{5A6590B8-9EC7-4DAA-9233-0E06224A309F}"
EndProject
Project("{FAE04EC0-301F-11D3-BF4B-00C04F79EFBC}") = "Gdal1", "Gis\Gdal\Gdal1.csproj", "{51AE61D8-B1E3-4D2F-BA06-7D4FC600129F}"
EndProject
Project("{FAE04EC0-301F-11D3-BF4B-00C04F79EFBC}") = "X.App", "Web\Demo\X.App\X.App.csproj", "{133B22BE-39B8-47C5-9577-884A5F8F3EB6}"
EndProject
Project("{FAE04EC0-301F-11D3-BF4B-00C04F79EFBC}") = "X.Data", "Web\Demo\X.Data\X.Data.csproj", "{5FDB00B2-01FA-4553-A960-D9D4187FEE70}"
EndProject
Project("{FAE04EC0-301F-11D3-BF4B-00C04F79EFBC}") = "X.Ui", "Web\Demo\X.Ui\X.Ui.csproj", "{CDF02671-B20C-43C4-82A8-BE744FC5E2F4}"
EndProject
Project("{FAE04EC0-301F-11D3-BF4B-00C04F79EFBC}") = "X.Gis", "X.Gis\X.Gis.csproj", "{404A54E9-F6F8-4F83-AEE1-B113918E61E5}"
EndProject
Project("{FAE04EC0-301F-11D3-BF4B-00C04F79EFBC}") = "X.Core", "X.Core\X.Core.csproj", "{9364F44B-C253-4A46-A86B-F9248325543D}"
EndProject
Global
	GlobalSection(SolutionConfigurationPlatforms) = preSolution
		Debug|Any CPU = Debug|Any CPU
		Debug|x86 = Debug|x86
		Intellisense|Any CPU = Intellisense|Any CPU
		Intellisense|x86 = Intellisense|x86
		Release|Any CPU = Release|Any CPU
		Release|x86 = Release|x86
	EndGlobalSection
	GlobalSection(ProjectConfigurationPlatforms) = postSolution
		{ACE28FD2-7C96-4570-BCE9-3DA580C7874D}.Debug|Any CPU.ActiveCfg = Debug|Any CPU
		{ACE28FD2-7C96-4570-BCE9-3DA580C7874D}.Debug|Any CPU.Build.0 = Debug|Any CPU
		{ACE28FD2-7C96-4570-BCE9-3DA580C7874D}.Debug|x86.ActiveCfg = Debug|Any CPU
		{ACE28FD2-7C96-4570-BCE9-3DA580C7874D}.Debug|x86.Build.0 = Debug|Any CPU
		{ACE28FD2-7C96-4570-BCE9-3DA580C7874D}.Intellisense|Any CPU.ActiveCfg = Release|Any CPU
		{ACE28FD2-7C96-4570-BCE9-3DA580C7874D}.Intellisense|Any CPU.Build.0 = Release|Any CPU
		{ACE28FD2-7C96-4570-BCE9-3DA580C7874D}.Intellisense|x86.ActiveCfg = Release|Any CPU
		{ACE28FD2-7C96-4570-BCE9-3DA580C7874D}.Intellisense|x86.Build.0 = Release|Any CPU
		{ACE28FD2-7C96-4570-BCE9-3DA580C7874D}.Release|Any CPU.ActiveCfg = Release|Any CPU
		{ACE28FD2-7C96-4570-BCE9-3DA580C7874D}.Release|Any CPU.Build.0 = Release|Any CPU
		{ACE28FD2-7C96-4570-BCE9-3DA580C7874D}.Release|x86.ActiveCfg = Release|Any CPU
		{ACE28FD2-7C96-4570-BCE9-3DA580C7874D}.Release|x86.Build.0 = Release|Any CPU
		{6E4653A5-1350-4FB0-A52E-4FDE25AE8EC9}.Debug|Any CPU.ActiveCfg = Debug|Any CPU
		{6E4653A5-1350-4FB0-A52E-4FDE25AE8EC9}.Debug|Any CPU.Build.0 = Debug|Any CPU
		{6E4653A5-1350-4FB0-A52E-4FDE25AE8EC9}.Debug|x86.ActiveCfg = Debug|Any CPU
		{6E4653A5-1350-4FB0-A52E-4FDE25AE8EC9}.Debug|x86.Build.0 = Debug|Any CPU
		{6E4653A5-1350-4FB0-A52E-4FDE25AE8EC9}.Intellisense|Any CPU.ActiveCfg = Release|Any CPU
		{6E4653A5-1350-4FB0-A52E-4FDE25AE8EC9}.Intellisense|Any CPU.Build.0 = Release|Any CPU
		{6E4653A5-1350-4FB0-A52E-4FDE25AE8EC9}.Intellisense|x86.ActiveCfg = Release|Any CPU
		{6E4653A5-1350-4FB0-A52E-4FDE25AE8EC9}.Intellisense|x86.Build.0 = Release|Any CPU
		{6E4653A5-1350-4FB0-A52E-4FDE25AE8EC9}.Release|Any CPU.ActiveCfg = Release|Any CPU
		{6E4653A5-1350-4FB0-A52E-4FDE25AE8EC9}.Release|Any CPU.Build.0 = Release|Any CPU
		{6E4653A5-1350-4FB0-A52E-4FDE25AE8EC9}.Release|x86.ActiveCfg = Release|Any CPU
		{6E4653A5-1350-4FB0-A52E-4FDE25AE8EC9}.Release|x86.Build.0 = Release|Any CPU
		{88C77AC9-9DFC-425B-B592-4720038370FE}.Debug|Any CPU.ActiveCfg = Debug|Any CPU
		{88C77AC9-9DFC-425B-B592-4720038370FE}.Debug|Any CPU.Build.0 = Debug|Any CPU
		{88C77AC9-9DFC-425B-B592-4720038370FE}.Debug|x86.ActiveCfg = Debug|Any CPU
		{88C77AC9-9DFC-425B-B592-4720038370FE}.Debug|x86.Build.0 = Debug|Any CPU
		{88C77AC9-9DFC-425B-B592-4720038370FE}.Intellisense|Any CPU.ActiveCfg = Release|Any CPU
		{88C77AC9-9DFC-425B-B592-4720038370FE}.Intellisense|Any CPU.Build.0 = Release|Any CPU
		{88C77AC9-9DFC-425B-B592-4720038370FE}.Intellisense|x86.ActiveCfg = Release|Any CPU
		{88C77AC9-9DFC-425B-B592-4720038370FE}.Intellisense|x86.Build.0 = Release|Any CPU
		{88C77AC9-9DFC-425B-B592-4720038370FE}.Release|Any CPU.ActiveCfg = Release|Any CPU
		{88C77AC9-9DFC-425B-B592-4720038370FE}.Release|Any CPU.Build.0 = Release|Any CPU
		{88C77AC9-9DFC-425B-B592-4720038370FE}.Release|x86.ActiveCfg = Release|Any CPU
		{88C77AC9-9DFC-425B-B592-4720038370FE}.Release|x86.Build.0 = Release|Any CPU
		{2E4ABFF8-C945-4C07-A304-E1E3146618CB}.Debug|Any CPU.ActiveCfg = Debug|Any CPU
		{2E4ABFF8-C945-4C07-A304-E1E3146618CB}.Debug|Any CPU.Build.0 = Debug|Any CPU
		{2E4ABFF8-C945-4C07-A304-E1E3146618CB}.Debug|x86.ActiveCfg = Debug|Any CPU
		{2E4ABFF8-C945-4C07-A304-E1E3146618CB}.Debug|x86.Build.0 = Debug|Any CPU
		{2E4ABFF8-C945-4C07-A304-E1E3146618CB}.Intellisense|Any CPU.ActiveCfg = Release|Any CPU
		{2E4ABFF8-C945-4C07-A304-E1E3146618CB}.Intellisense|Any CPU.Build.0 = Release|Any CPU
		{2E4ABFF8-C945-4C07-A304-E1E3146618CB}.Intellisense|x86.ActiveCfg = Release|Any CPU
		{2E4ABFF8-C945-4C07-A304-E1E3146618CB}.Intellisense|x86.Build.0 = Release|Any CPU
		{2E4ABFF8-C945-4C07-A304-E1E3146618CB}.Release|Any CPU.ActiveCfg = Release|Any CPU
		{2E4ABFF8-C945-4C07-A304-E1E3146618CB}.Release|Any CPU.Build.0 = Release|Any CPU
		{2E4ABFF8-C945-4C07-A304-E1E3146618CB}.Release|x86.ActiveCfg = Release|Any CPU
		{2E4ABFF8-C945-4C07-A304-E1E3146618CB}.Release|x86.Build.0 = Release|Any CPU
		{5A6590B8-9EC7-4DAA-9233-0E06224A309F}.Debug|Any CPU.ActiveCfg = Debug|Any CPU
		{5A6590B8-9EC7-4DAA-9233-0E06224A309F}.Debug|Any CPU.Build.0 = Debug|Any CPU
		{5A6590B8-9EC7-4DAA-9233-0E06224A309F}.Debug|x86.ActiveCfg = Debug|Any CPU
		{5A6590B8-9EC7-4DAA-9233-0E06224A309F}.Debug|x86.Build.0 = Debug|Any CPU
		{5A6590B8-9EC7-4DAA-9233-0E06224A309F}.Intellisense|Any CPU.ActiveCfg = Release|Any CPU
		{5A6590B8-9EC7-4DAA-9233-0E06224A309F}.Intellisense|Any CPU.Build.0 = Release|Any CPU
		{5A6590B8-9EC7-4DAA-9233-0E06224A309F}.Intellisense|x86.ActiveCfg = Release|Any CPU
		{5A6590B8-9EC7-4DAA-9233-0E06224A309F}.Intellisense|x86.Build.0 = Release|Any CPU
		{5A6590B8-9EC7-4DAA-9233-0E06224A309F}.Release|Any CPU.ActiveCfg = Release|Any CPU
		{5A6590B8-9EC7-4DAA-9233-0E06224A309F}.Release|Any CPU.Build.0 = Release|Any CPU
		{5A6590B8-9EC7-4DAA-9233-0E06224A309F}.Release|x86.ActiveCfg = Release|Any CPU
		{5A6590B8-9EC7-4DAA-9233-0E06224A309F}.Release|x86.Build.0 = Release|Any CPU
		{51AE61D8-B1E3-4D2F-BA06-7D4FC600129F}.Debug|Any CPU.ActiveCfg = Debug|Any CPU
		{51AE61D8-B1E3-4D2F-BA06-7D4FC600129F}.Debug|Any CPU.Build.0 = Debug|Any CPU
		{51AE61D8-B1E3-4D2F-BA06-7D4FC600129F}.Debug|x86.ActiveCfg = Debug|Any CPU
		{51AE61D8-B1E3-4D2F-BA06-7D4FC600129F}.Debug|x86.Build.0 = Debug|Any CPU
		{51AE61D8-B1E3-4D2F-BA06-7D4FC600129F}.Intellisense|Any CPU.ActiveCfg = Release|Any CPU
		{51AE61D8-B1E3-4D2F-BA06-7D4FC600129F}.Intellisense|Any CPU.Build.0 = Release|Any CPU
		{51AE61D8-B1E3-4D2F-BA06-7D4FC600129F}.Intellisense|x86.ActiveCfg = Release|Any CPU
		{51AE61D8-B1E3-4D2F-BA06-7D4FC600129F}.Intellisense|x86.Build.0 = Release|Any CPU
		{51AE61D8-B1E3-4D2F-BA06-7D4FC600129F}.Release|Any CPU.ActiveCfg = Release|Any CPU
		{51AE61D8-B1E3-4D2F-BA06-7D4FC600129F}.Release|Any CPU.Build.0 = Release|Any CPU
		{51AE61D8-B1E3-4D2F-BA06-7D4FC600129F}.Release|x86.ActiveCfg = Release|Any CPU
		{51AE61D8-B1E3-4D2F-BA06-7D4FC600129F}.Release|x86.Build.0 = Release|Any CPU
		{133B22BE-39B8-47C5-9577-884A5F8F3EB6}.Debug|Any CPU.ActiveCfg = Debug|Any CPU
		{133B22BE-39B8-47C5-9577-884A5F8F3EB6}.Debug|Any CPU.Build.0 = Debug|Any CPU
		{133B22BE-39B8-47C5-9577-884A5F8F3EB6}.Debug|x86.ActiveCfg = Debug|Any CPU
		{133B22BE-39B8-47C5-9577-884A5F8F3EB6}.Debug|x86.Build.0 = Debug|Any CPU
		{133B22BE-39B8-47C5-9577-884A5F8F3EB6}.Intellisense|Any CPU.ActiveCfg = Release|Any CPU
		{133B22BE-39B8-47C5-9577-884A5F8F3EB6}.Intellisense|Any CPU.Build.0 = Release|Any CPU
		{133B22BE-39B8-47C5-9577-884A5F8F3EB6}.Intellisense|x86.ActiveCfg = Release|Any CPU
		{133B22BE-39B8-47C5-9577-884A5F8F3EB6}.Intellisense|x86.Build.0 = Release|Any CPU
		{133B22BE-39B8-47C5-9577-884A5F8F3EB6}.Release|Any CPU.ActiveCfg = Release|Any CPU
		{133B22BE-39B8-47C5-9577-884A5F8F3EB6}.Release|Any CPU.Build.0 = Release|Any CPU
		{133B22BE-39B8-47C5-9577-884A5F8F3EB6}.Release|x86.ActiveCfg = Release|Any CPU
		{133B22BE-39B8-47C5-9577-884A5F8F3EB6}.Release|x86.Build.0 = Release|Any CPU
		{5FDB00B2-01FA-4553-A960-D9D4187FEE70}.Debug|Any CPU.ActiveCfg = Debug|Any CPU
		{5FDB00B2-01FA-4553-A960-D9D4187FEE70}.Debug|Any CPU.Build.0 = Debug|Any CPU
		{5FDB00B2-01FA-4553-A960-D9D4187FEE70}.Debug|x86.ActiveCfg = Debug|Any CPU
		{5FDB00B2-01FA-4553-A960-D9D4187FEE70}.Debug|x86.Build.0 = Debug|Any CPU
		{5FDB00B2-01FA-4553-A960-D9D4187FEE70}.Intellisense|Any CPU.ActiveCfg = Release|Any CPU
		{5FDB00B2-01FA-4553-A960-D9D4187FEE70}.Intellisense|Any CPU.Build.0 = Release|Any CPU
		{5FDB00B2-01FA-4553-A960-D9D4187FEE70}.Intellisense|x86.ActiveCfg = Release|Any CPU
		{5FDB00B2-01FA-4553-A960-D9D4187FEE70}.Intellisense|x86.Build.0 = Release|Any CPU
		{5FDB00B2-01FA-4553-A960-D9D4187FEE70}.Release|Any CPU.ActiveCfg = Release|Any CPU
		{5FDB00B2-01FA-4553-A960-D9D4187FEE70}.Release|Any CPU.Build.0 = Release|Any CPU
		{5FDB00B2-01FA-4553-A960-D9D4187FEE70}.Release|x86.ActiveCfg = Release|Any CPU
		{5FDB00B2-01FA-4553-A960-D9D4187FEE70}.Release|x86.Build.0 = Release|Any CPU
		{CDF02671-B20C-43C4-82A8-BE744FC5E2F4}.Debug|Any CPU.ActiveCfg = Debug|Any CPU
		{CDF02671-B20C-43C4-82A8-BE744FC5E2F4}.Debug|Any CPU.Build.0 = Debug|Any CPU
		{CDF02671-B20C-43C4-82A8-BE744FC5E2F4}.Debug|x86.ActiveCfg = Debug|Any CPU
		{CDF02671-B20C-43C4-82A8-BE744FC5E2F4}.Debug|x86.Build.0 = Debug|Any CPU
		{CDF02671-B20C-43C4-82A8-BE744FC5E2F4}.Intellisense|Any CPU.ActiveCfg = Release|Any CPU
		{CDF02671-B20C-43C4-82A8-BE744FC5E2F4}.Intellisense|Any CPU.Build.0 = Release|Any CPU
		{CDF02671-B20C-43C4-82A8-BE744FC5E2F4}.Intellisense|x86.ActiveCfg = Release|Any CPU
		{CDF02671-B20C-43C4-82A8-BE744FC5E2F4}.Intellisense|x86.Build.0 = Release|Any CPU
		{CDF02671-B20C-43C4-82A8-BE744FC5E2F4}.Release|Any CPU.ActiveCfg = Release|Any CPU
		{CDF02671-B20C-43C4-82A8-BE744FC5E2F4}.Release|Any CPU.Build.0 = Release|Any CPU
		{CDF02671-B20C-43C4-82A8-BE744FC5E2F4}.Release|x86.ActiveCfg = Release|Any CPU
		{CDF02671-B20C-43C4-82A8-BE744FC5E2F4}.Release|x86.Build.0 = Release|Any CPU
		{404A54E9-F6F8-4F83-AEE1-B113918E61E5}.Debug|Any CPU.ActiveCfg = Debug|Any CPU
		{404A54E9-F6F8-4F83-AEE1-B113918E61E5}.Debug|Any CPU.Build.0 = Debug|Any CPU
		{404A54E9-F6F8-4F83-AEE1-B113918E61E5}.Debug|x86.ActiveCfg = Debug|Any CPU
		{404A54E9-F6F8-4F83-AEE1-B113918E61E5}.Debug|x86.Build.0 = Debug|Any CPU
		{404A54E9-F6F8-4F83-AEE1-B113918E61E5}.Intellisense|Any CPU.ActiveCfg = Release|Any CPU
		{404A54E9-F6F8-4F83-AEE1-B113918E61E5}.Intellisense|Any CPU.Build.0 = Release|Any CPU
		{404A54E9-F6F8-4F83-AEE1-B113918E61E5}.Intellisense|x86.ActiveCfg = Release|Any CPU
		{404A54E9-F6F8-4F83-AEE1-B113918E61E5}.Intellisense|x86.Build.0 = Release|Any CPU
		{404A54E9-F6F8-4F83-AEE1-B113918E61E5}.Release|Any CPU.ActiveCfg = Release|Any CPU
		{404A54E9-F6F8-4F83-AEE1-B113918E61E5}.Release|Any CPU.Build.0 = Release|Any CPU
		{404A54E9-F6F8-4F83-AEE1-B113918E61E5}.Release|x86.ActiveCfg = Release|Any CPU
		{404A54E9-F6F8-4F83-AEE1-B113918E61E5}.Release|x86.Build.0 = Release|Any CPU
		{9364F44B-C253-4A46-A86B-F9248325543D}.Debug|Any CPU.ActiveCfg = Debug|Any CPU
		{9364F44B-C253-4A46-A86B-F9248325543D}.Debug|Any CPU.Build.0 = Debug|Any CPU
		{9364F44B-C253-4A46-A86B-F9248325543D}.Debug|x86.ActiveCfg = Debug|Any CPU
		{9364F44B-C253-4A46-A86B-F9248325543D}.Debug|x86.Build.0 = Debug|Any CPU
		{9364F44B-C253-4A46-A86B-F9248325543D}.Intellisense|Any CPU.ActiveCfg = Release|Any CPU
		{9364F44B-C253-4A46-A86B-F9248325543D}.Intellisense|Any CPU.Build.0 = Release|Any CPU
		{9364F44B-C253-4A46-A86B-F9248325543D}.Intellisense|x86.ActiveCfg = Release|Any CPU
		{9364F44B-C253-4A46-A86B-F9248325543D}.Intellisense|x86.Build.0 = Release|Any CPU
		{9364F44B-C253-4A46-A86B-F9248325543D}.Release|Any CPU.ActiveCfg = Release|Any CPU
		{9364F44B-C253-4A46-A86B-F9248325543D}.Release|Any CPU.Build.0 = Release|Any CPU
		{9364F44B-C253-4A46-A86B-F9248325543D}.Release|x86.ActiveCfg = Release|Any CPU
		{9364F44B-C253-4A46-A86B-F9248325543D}.Release|x86.Build.0 = Release|Any CPU
	EndGlobalSection
	GlobalSection(SolutionProperties) = preSolution
		HideSolutionNode = FALSE
	EndGlobalSection
	GlobalSection(NestedProjects) = preSolution
		{6594BD20-36FF-4BB2-9B8E-C1E62F27AC1F} = {49B4F088-445E-459E-BE62-8272F0CCC448}
		{6E4653A5-1350-4FB0-A52E-4FDE25AE8EC9} = {49B4F088-445E-459E-BE62-8272F0CCC448}
		{CC45CBE3-1179-4543-A3E8-D28681E9B5E5} = {49B4F088-445E-459E-BE62-8272F0CCC448}
		{11484C43-628E-47A3-813B-66969BEE4E71} = {49B4F088-445E-459E-BE62-8272F0CCC448}
		{88C77AC9-9DFC-425B-B592-4720038370FE} = {11484C43-628E-47A3-813B-66969BEE4E71}
		{2E4ABFF8-C945-4C07-A304-E1E3146618CB} = {11484C43-628E-47A3-813B-66969BEE4E71}
		{5A6590B8-9EC7-4DAA-9233-0E06224A309F} = {C07E22D3-316E-4F49-9AA4-A3BE7C90CD8E}
		{51AE61D8-B1E3-4D2F-BA06-7D4FC600129F} = {C07E22D3-316E-4F49-9AA4-A3BE7C90CD8E}
		{133B22BE-39B8-47C5-9577-884A5F8F3EB6} = {6594BD20-36FF-4BB2-9B8E-C1E62F27AC1F}
		{5FDB00B2-01FA-4553-A960-D9D4187FEE70} = {6594BD20-36FF-4BB2-9B8E-C1E62F27AC1F}
		{CDF02671-B20C-43C4-82A8-BE744FC5E2F4} = {6594BD20-36FF-4BB2-9B8E-C1E62F27AC1F}
	EndGlobalSection
EndGlobal
